
Microsoft Visual Studio Solution File, Format Version 12.00
# Visual Studio Version 17
VisualStudioVersion = 17.13.35828.75 d17.13
MinimumVisualStudioVersion = 10.0.40219.1
Project("{FAE04EC0-301F-11D3-BF4B-00C04F79EFBC}") = "CookiesKitchen", "CookiesKitchen.csproj", "{37BBFEA5-3B85-4C98-A0C4-672564915F4E}"
EndProject
Global
	GlobalSection(SolutionConfigurationPlatforms) = preSolution
		Debug|Any CPU = Debug|Any CPU
		Release|Any CPU = Release|Any CPU
	EndGlobalSection
	GlobalSection(ProjectConfigurationPlatforms) = postSolution
		{37BBFEA5-3B85-4C98-A0C4-672564915F4E}.Debug|Any CPU.ActiveCfg = Debug|Any CPU
		{37BBFEA5-3B85-4C98-A0C4-672564915F4E}.Debug|Any CPU.Build.0 = Debug|Any CPU
		{37BBFEA5-3B85-4C98-A0C4-672564915F4E}.Release|Any CPU.ActiveCfg = Release|Any CPU
		{37BBFEA5-3B85-4C98-A0C4-672564915F4E}.Release|Any CPU.Build.0 = Release|Any CPU
	EndGlobalSection
	GlobalSection(SolutionProperties) = preSolution
		HideSolutionNode = FALSE
	EndGlobalSection
	GlobalSection(ExtensibilityGlobals) = postSolution
		SolutionGuid = {F45422CA-5821-4578-894B-2F49EE06F7A1}
	EndGlobalSection
EndGlobal
